
Microsoft Visual Studio Solution File, Format Version 12.00
# Visual Studio Version 16
VisualStudioVersion = 16.0.31321.278
MinimumVisualStudioVersion = 10.0.40219.1
Project("{FAE04EC0-301F-11D3-BF4B-00C04F79EFBC}") = "ProvaOficial2Ancelmo", "ProvaOficial2Ancelmo\ProvaOficial2Ancelmo.csproj", "{AABA9DA7-C9C4-4E4D-A857-7506739009B0}"
EndProject
Global
	GlobalSection(SolutionConfigurationPlatforms) = preSolution
		Debug|Any CPU = Debug|Any CPU
		Release|Any CPU = Release|Any CPU
	EndGlobalSection
	GlobalSection(ProjectConfigurationPlatforms) = postSolution
		{AABA9DA7-C9C4-4E4D-A857-7506739009B0}.Debug|Any CPU.ActiveCfg = Debug|Any CPU
		{AABA9DA7-C9C4-4E4D-A857-7506739009B0}.Debug|Any CPU.Build.0 = Debug|Any CPU
		{AABA9DA7-C9C4-4E4D-A857-7506739009B0}.Release|Any CPU.ActiveCfg = Release|Any CPU
		{AABA9DA7-C9C4-4E4D-A857-7506739009B0}.Release|Any CPU.Build.0 = Release|Any CPU
	EndGlobalSection
	GlobalSection(SolutionProperties) = preSolution
		HideSolutionNode = FALSE
	EndGlobalSection
	GlobalSection(ExtensibilityGlobals) = postSolution
		SolutionGuid = {C7576BD1-F053-4662-B952-4D0F4729C991}
	EndGlobalSection
EndGlobal
